version = 1
revision = 3
requires-python = ">=3.14"

[manifest]
members = [
    "backend",
    "hiremeai",
]

[[package]]
name = "annotated-doc"
version = "0.0.5"
source = { registry = "https://pypi.org/simple" }
sdist = { url = "https://files.pythonhosted.org/packages/5a/8e/38aa427ed5402449e226975b649c5dc73ccadfefeb95e6aecb8f8ea4b6b6/annotated_doc-0.0.5.tar.gz", hash = "sha256:c7e58ce09192557605d8bbd92836d7e1d520ac9580096042c0bfd197efacf1bb", size = 10758, upload-time = "2026-07-28T13:50:58.129Z" }
wheels = [
    { url = "https://files.pythonhosted.org/packages/3e/30/e900b21425a860e195f32e37657aa1f7c7f2b1bfb26f03ca209b90933c06/annotated_doc-0.0.5-py3-none-any.whl", hash = "sha256:117bac03a25ede5df5440e855b32d556049ca169ead221505badf432fed4b101", size = 5302, upload-time = "2026-07-28T13:50:57.239Z" },
]

[[package]]
name = "annotated-types"
version = "0.8.0"
source = { registry = "https://pypi.org/simple" }
sdist = { url = "https://files.pythonhosted.org/packages/5f/56/a8120250d128bed162cd73c76d45f6ef9991f3e068f62a8ee060afa3104a/annotated_types-0.8.0.tar.gz", hash = "sha256:13b2beaad985e05e2d6407ee4c4f35590b11f8d693a258a561055cac8f64cab7", size = 15893, upload-time = "2026-07-23T20:16:13.995Z" }
wheels = [
    { url = "https://files.pythonhosted.org/packages/99/91/8acff4f5e50511b911bbccb72b8628a49c68ce14148cd9f6431094859a90/annotated_types-0.8.0-py3-none-any.whl", hash = "sha256:f072f4d804ea359e4eaf198b1af7a8b0943881a87f31bb764f8bf219bb9419e0", size = 13427, upload-time = "2026-07-23T20:16:12.938Z" },
]

[[package]]
name = "anyio"
version = "4.14.2"
source = { registry = "https://pypi.org/simple" }
dependencies = [
    { name = "idna" },
]
sdist = { url = "https://files.pythonhosted.org/packages/61/cc/a381afa6efea9f496eff839d4a6a1aed3bfafc7b3ab4b0d1b243a12573dd/anyio-4.14.2.tar.gz", hash = "sha256:cfa139f3ed1a23ee8f88a145ddb5ac7605b8bbfd8592baacd7ce3d8bb4313c7f", size = 260176, upload-time = "2026-07-12T20:29:07.082Z" }
wheels = [
    { url = "https://files.pythonhosted.org/packages/da/35/f2287558c17e29fafc8ef3daf819bb9834061cfa43bff8014f7df7f63bdc/anyio-4.14.2-py3-none-any.whl", hash = "sha256:9f505dda5ac9f0c8309b5e8bd445a8c2bf7246f3ce950121e45ea15bc41d1494", size = 125813, upload-time = "2026-07-12T20:29:05.763Z" },
]

[[package]]
name = "backend"
version = "0.1.0"
source = { editable = "backend" }
dependencies = [
    { name = "fastapi" },
    { name = "groq" },
    { name = "pydantic" },
    { name = "pypdf" },
    { name = "python-dotenv" },
    { name = "uvicorn" },
]

[package.metadata]
requires-dist = [
    { name = "fastapi", specifier = ">=0.141.1" },
    { name = "groq", specifier = ">=1.6.0" },
    { name = "pydantic", specifier = ">=2.13.4" },
    { name = "pypdf", specifier = ">=6.16.1" },
    { name = "python-dotenv", specifier = ">=1.2.3" },
    { name = "uvicorn", specifier = ">=0.52.4" },
]

[[package]]
name = "certifi"
version = "2026.7.22"
source = { registry = "https://pypi.org/simple" }
sdist = { url = "https://files.pythonhosted.org/packages/a3/c2/24167ea9858356b47a87a50d39908bfdb72ceeefe0041586e704e5376b3a/certifi-2026.7.22.tar.gz", hash = "sha256:741e2c3b351ddf169a738da9f2c048608ff7f2c5cc02f1ebc6b118bb090d5d55", size = 138112, upload-time = "2026-07-22T03:35:12.644Z" }
wheels = [
    { url = "https://files.pythonhosted.org/packages/0b/a7/71ac2cff56fec219ed242bb11b8efb69fcc4bec75db06fb7bfe35de520e6/certifi-2026.7.22-py3-none-any.whl", hash = "sha256:62f22742b58a1a33014a2b6b706588a8d7e2a88ae7bd1a6ebe8c992928483775", size = 136983, upload-time = "2026-07-22T03:35:11.276Z" },
]

[[package]]
name = "click"
version = "8.4.2"
source = { registry = "https://pypi.org/simple" }
dependencies = [
    { name = "colorama", marker = "sys_platform == 'win32'" },
]
sdist = { url = "https://files.pythonhosted.org/packages/76/d4/81420972a676e8ffea40450d8c8c92943e7218a78fe9b64359836cc9876b/click-8.4.2.tar.gz", hash = "sha256:9a6cea6e60b17ebe0a44c5cc636d94f09bd66142c1cd7d8b4cd731c4917a15f6", size = 338000, upload-time = "2026-06-24T17:45:15.148Z" }
wheels = [
    { url = "https://files.pythonhosted.org/packages/fb/e2/79c688af8b210d232694e31e59da9f6ec747bae31c3f5946e4e9b98860d5/click-8.4.2-py3-none-any.whl", hash = "sha256:e6f9f66136c816745b9d65817da91d61d957fb16e02e4dcd0552553c5a197b76", size = 119243, upload-time = "2026-06-24T17:45:13.73Z" },
]

[[package]]
name = "colorama"
version = "0.4.6"
source = { registry = "https://pypi.org/simple" }
sdist = { url = "https://files.pythonhosted.org/packages/d8/53/6f443c9a4a8358a93a6792e2acffb9d9d5cb0a5cfd8802644b7b1c9a02e4/colorama-0.4.6.tar.gz", hash = "sha256:08695f5cb7ed6e0531a20572697297273c47b8cae5a63ffc6d6ed5c201be6e44", size = 27697, upload-time = "2022-10-25T02:36:22.414Z" }
wheels = [
    { url = "https://files.pythonhosted.org/packages/d1/d6/3965ed04c63042e047cb6a3e6ed1a63a35087b6a609aa3a15ed8ac56c221/colorama-0.4.6-py2.py3-none-any.whl", hash = "sha256:4f1d9991f5acc0ca119f9d443620b77f9d6b33703e51011c16baf57afb285fc6", size = 25335, upload-time = "2022-10-25T02:36:20.889Z" },
]

[[package]]
name = "distro"
version = "1.9.0"
source = { registry = "https://pypi.org/simple" }
sdist = { url = "https://files.pythonhosted.org/packages/fc/f8/98eea607f65de6527f8a2e8885fc8015d3e6f5775df186e443e0964a11c3/distro-1.9.0.tar.gz", hash = "sha256:2fa77c6fd8940f116ee1d6b94a2f90b13b5ea8d019b98bc8bafdcabcdd9bdbed", size = 60722, upload-time = "2023-12-24T09:54:32.31Z" }
wheels = [
    { url = "https://files.pythonhosted.org/packages/12/b3/231ffd4ab1fc9d679809f356cebee130ac7daa00d6d6f3206dd4fd137e9e/distro-1.9.0-py3-none-any.whl", hash = "sha256:7bffd925d65168f85027d8da9af6bddab658135b840670a223589bc0c8ef02b2", size = 20277, upload-time = "2023-12-24T09:54:30.421Z" },
]

[[package]]
name = "fastapi"
version = "0.141.1"
source = { registry = "https://pypi.org/simple" }
dependencies = [
    { name = "annotated-doc" },
    { name = "pydantic" },
    { name = "starlette" },
    { name = "typing-extensions" },
    { name = "typing-inspection" },
]
sdist = { url = "https://files.pythonhosted.org/packages/8a/02/91e3416a8fdd715abb903a952a6bec7cdd8d14eed55d415fc8595524c319/fastapi-0.141.1.tar.gz", hash = "sha256:e8822fc40db1e1858054d7a949a888695bc9bdce70139178e33bd2871a453ca1", size = 425799, upload-time = "2026-07-29T17:18:05.568Z" }
wheels = [
    { url = "https://files.pythonhosted.org/packages/cb/03/10388a42375ee7e4ac9b94eb2c5c569c8b5795e377e701c9ac3ad63de890/fastapi-0.141.1-py3-none-any.whl", hash = "sha256:bfb91aa2d334c61cb35ba9a116fc123b3d3df31640b801cf57a7a78ec3f603b3", size = 131954, upload-time = "2026-07-29T17:18:04.364Z" },
]

[[package]]
name = "groq"
version = "1.6.0"
source = { registry = "https://pypi.org/simple" }
dependencies = [
    { name = "anyio" },
    { name = "distro" },
    { name = "httpx" },
    { name = "pydantic" },
    { name = "sniffio" },
    { name = "typing-extensions" },
]
sdist = { url = "https://files.pythonhosted.org/packages/67/3e/687064918e861082cb02165872bbda31269126a108a78794dae86ddadae2/groq-1.6.0.tar.gz", hash = "sha256:c4237ecf0053ba85fd926bb31cb4b178996310474b4618867994e3e40d8e3c02", size = 158424, upload-time = "2026-07-24T17:25:49.517Z" }
wheels = [
    { url = "https://files.pythonhosted.org/packages/20/40/164338d796cf41ea5930a42023e986d8c993720bed670d5aa143e5854873/groq-1.6.0-py3-none-any.whl", hash = "sha256:fa16db582455db324adcff1b5908519474736872e28cd5c8fa2b8bef6860e12a", size = 143693, upload-time = "2026-07-24T17:25:48.2Z" },
]

[[package]]
name = "h11"
version = "0.16.0"
source = { registry = "https://pypi.org/simple" }
sdist = { url = "https://files.pythonhosted.org/packages/01/ee/02a2c011bdab74c6fb3c75474d40b3052059d95df7e73351460c8588d963/h11-0.16.0.tar.gz", hash = "sha256:4e35b956cf45792e4caa5885e69fba00bdbc6ffafbfa020300e549b208ee5ff1", size = 101250, upload-time = "2025-04-24T03:35:25.427Z" }
wheels = [
    { url = "https://files.pythonhosted.org/packages/04/4b/29cac41a4d98d144bf5f6d33995617b185d14b22401f75ca86f384e87ff1/h11-0.16.0-py3-none-any.whl", hash = "sha256:63cf8bbe7522de3bf65932fda1d9c2772064ffb3dae62d55932da54b31cb6c86", size = 37515, upload-time = "2025-04-24T03:35:24.344Z" },
]

[[package]]
name = "hiremeai"
version = "0.1.0"
source = { editable = "." }
dependencies = [
    { name = "fastapi" },
    { name = "groq" },
    { name = "pydantic" },
    { name = "pypdf" },
    { name = "python-docx" },
    { name = "python-dotenv" },
    { name = "uvicorn" },
]

[package.metadata]
requires-dist = [
    { name = "fastapi", specifier = ">=0.141.1" },
    { name = "groq", specifier = ">=1.6.0" },
    { name = "pydantic", specifier = ">=2.13.4" },
    { name = "pypdf", specifier = ">=6.16.1" },
    { name = "python-docx", specifier = ">=1.2.0" },
    { name = "python-dotenv", specifier = ">=1.2.3" },
    { name = "uvicorn", specifier = ">=0.52.4" },
]

[[package]]
name = "httpcore"
version = "1.0.9"
source = { registry = "https://pypi.org/simple" }
dependencies = [
    { name = "certifi" },
    { name = "h11" },
]
sdist = { url = "https://files.pythonhosted.org/packages/06/94/82699a10bca87a5556c9c59b5963f2d039dbd239f25bc2a63907a05a14cb/httpcore-1.0.9.tar.gz", hash = "sha256:6e34463af53fd2ab5d807f399a9b45ea31c3dfa2276f15a2c3f00afff6e176e8", size = 85484, upload-time = "2025-04-24T22:06:22.219Z" }
wheels = [
    { url = "https://files.pythonhosted.org/packages/7e/f5/f66802a942d491edb555dd61e3a9961140fd64c90bce1eafd741609d334d/httpcore-1.0.9-py3-none-any.whl", hash = "sha256:2d400746a40668fc9dec9810239072b40b4484b640a8c38fd654a024c7a1bf55", size = 78784, upload-time = "2025-04-24T22:06:20.566Z" },
]

[[package]]
name = "httpx"
version = "0.28.1"
source = { registry = "https://pypi.org/simple" }
dependencies = [
    { name = "anyio" },
    { name = "certifi" },
    { name = "httpcore" },
    { name = "idna" },
]
sdist = { url = "https://files.pythonhosted.org/packages/b1/df/48c586a5fe32a0f01324ee087459e112ebb7224f646c0b5023f5e79e9956/httpx-0.28.1.tar.gz", hash = "sha256:75e98c5f16b0f35b567856f597f06ff2270a374470a5c2392242528e3e3e42fc", size = 141406, upload-time = "2024-12-06T15:37:23.222Z" }
wheels = [
    { url = "https://files.pythonhosted.org/packages/2a/39/e50c7c3a983047577ee07d2a9e53faf5a69493943ec3f6a384bdc792deb2/httpx-0.28.1-py3-none-any.whl", hash = "sha256:d909fcccc110f8c7faf814ca82a9a4d816bc5a6dbfea25d6591d6985b8ba59ad", size = 73517, upload-time = "2024-12-06T15:37:21.509Z" },
]

[[package]]
name = "idna"
version = "3.19"
source = { registry = "https://pypi.org/simple" }
sdist = { url = "https://files.pythonhosted.org/packages/5f/f7/abb373e5757eaec4b922b92f97ec8d6d7e057cf06778247604fbc4e7c3f3/idna-3.19.tar.gz", hash = "sha256:5e0811a4383b21dc5838069f801c4fb62113b7447663d2530d2bd6e77b49bf15", size = 215237, upload-time = "2026-08-18T05:14:24.27Z" }
wheels = [
    { url = "https://files.pythonhosted.org/packages/57/b0/0e52c878c53f245edd3a11020f20979b3f490f245af532c7cae3027754b5/idna-3.19-py3-none-any.whl", hash = "sha256:815e7be7a7806d54abb586dc943addc79e8b2ee16915059658cbeff4b1b43bf4", size = 68550, upload-time = "2026-08-18T05:14:22.343Z" },
]

[[package]]
name = "lxml"
version = "6.1.2"
source = { registry = "https://pypi.org/simple" }
sdist = { url = "https://files.pythonhosted.org/packages/ad/a9/970b8fa0ecc4fbf1dfaed0d89bbc1fc1421b25ec26a2038c91e872dc6c8e/lxml-6.1.2.tar.gz", hash = "sha256:1055241852f2b02068af4a625a5d32c087db193c12251928af2562ecd2239f18", size = 4210626, upload-time = "2026-08-19T04:58:15.341Z" }
wheels = [
    { url = "https://files.pythonhosted.org/packages/27/b5/728b0578791b397ace8d1b101c8b3fe10f36043542f7bb85f82d8bdc3f50/lxml-6.1.2-cp314-cp314-macosx_10_15_universal2.whl", hash = "sha256:d50a44113fe6800dcc8a859332b823a4735b1e6ae1b0063882e4cca569ec3e29", size = 8609651, upload-time = "2026-08-19T04:58:42.42Z" },
    { url = "https://files.pythonhosted.org/packages/3c/6b/49209fa6225c15c48a30061f03d3aba75e3c19634813b88bf83b88c525ed/lxml-6.1.2-cp314-cp314-macosx_10_15_x86_64.whl", hash = "sha256:fa813b0247d0543a563b993ac3dba6168eef59e3a61448432cf5453300c2412b", size = 4639588, upload-time = "2026-08-19T04:59:01.501Z" },
    { url = "https://files.pythonhosted.org/packages/20/86/80bae4e8bc2eed9d6f017701a3d86fdea56936218efa738911d0b76aa7f4/lxml-6.1.2-cp314-cp314-manylinux2014_aarch64.manylinux_2_17_aarch64.whl", hash = "sha256:d858e718b94033ab4b67e4a58fe3114c65bae01ae2314a62fb39ae8897ed4324", size = 4964846, upload-time = "2026-08-19T04:59:08.59Z" },
    { url = "https://files.pythonhosted.org/packages/70/ce/4782caee7a22959c1ac67cb46495e03912c22a4ba7d20c163496a519e815/lxml-6.1.2-cp314-cp314-manylinux2014_x86_64.manylinux_2_17_x86_64.whl", hash = "sha256:3e3b666f57a5d81562f38c766c762416b0f6eb58a00590546911514b48412abd", size = 5099288, upload-time = "2026-08-19T04:59:18.649Z" },
    { url = "https://files.pythonhosted.org/packages/32/21/f120967cc43b54e05512dff0c39726b832c836195d30f41f88733ef36ac8/lxml-6.1.2-cp314-cp314-manylinux_2_26_aarch64.manylinux_2_28_aarch64.whl", hash = "sha256:26ff164c6629e5c4d11c9e55d5ea3d6eed0be2a420eee1f55cbce6e2c23e231a", size = 5036837, upload-time = "2026-08-19T04:59:47.217Z" },
    { url = "https://files.pythonhosted.org/packages/61/ba/8005e9f47598e3ec5c18312c77f94e889580027616678848405c6aeba5de/lxml-6.1.2-cp314-cp314-manylinux_2_26_ppc64le.manylinux_2_28_ppc64le.whl", hash = "sha256:962c12b51d0b164f12569af225dea57568477e24a845b96eaccbef6c07e4cc03", size = 5658569, upload-time = "2026-08-19T04:59:54.078Z" },
    { url = "https://files.pythonhosted.org/packages/6a/ba/add33b3c7ce51462cf7a4637bcfec2eaa258364d6015b989dd7d1216e6a6/lxml-6.1.2-cp314-cp314-manylinux_2_26_x86_64.manylinux_2_28_x86_64.whl", hash = "sha256:47e367dfe341521426692819803e260d0673899c0ff611f14af978d725e2c999", size = 5246003, upload-time = "2026-08-19T04:59:59.764Z" },
    { url = "https://files.pythonhosted.org/packages/05/b3/a43012748fb861c914c5eac1c1a3bad44282e767499cd02280d4d1edf092/lxml-6.1.2-cp314-cp314-manylinux_2_28_i686.whl", hash = "sha256:92c2b366028ac01e90399e6d17734ce6e4f4aeddd8ba75fbaf80ea11d6c6d645", size = 5354047, upload-time = "2026-08-19T05:00:21.657Z" },
    { url = "https://files.pythonhosted.org/packages/8b/cb/813021d9a445713b8d758b9e5eae2ed392cd598d9f119d9b053b37c2ab93/lxml-6.1.2-cp314-cp314-manylinux_2_31_armv7l.whl", hash = "sha256:7e81fc065ede5d58dd0bf0912025aee1bd04c52c2affd61fdb93226a97ce2fc6", size = 4704382, upload-time = "2026-08-19T05:00:47.067Z" },
    { url = "https://files.pythonhosted.org/packages/17/c9/1155299f4577bebf3c280497534a73e4b8ad8cab3b96074731ad10949d4e/lxml-6.1.2-cp314-cp314-manylinux_2_38_riscv64.manylinux_2_39_riscv64.whl", hash = "sha256:633ac039cb32366dd5935868e041e385875c017b8cd54ea56aeee3fe29ca5935", size = 5258530, upload-time = "2026-08-19T05:01:14.893Z" },
    { url = "https://files.pythonhosted.org/packages/25/6e/d76e58384b378b877e140e25b9a9835da00035f81ff70cbe943a3749bf27/lxml-6.1.2-cp314-cp314-musllinux_1_2_aarch64.whl", hash = "sha256:2f3194777c0d05945ac91d8594be25d2679d1d826e01e1fc90bae568ff3a547b", size = 5089919, upload-time = "2026-08-19T05:01:33.602Z" },
    { url = "https://files.pythonhosted.org/packages/f3/b7/898013c0f8891481d0624ab3bd5dd8c8ff827232dfee2a5d1f8bf970a7cc/lxml-6.1.2-cp314-cp314-musllinux_1_2_armv7l.whl", hash = "sha256:1133bd969f2bfcc6b0c0cf7cdf5f2631e62b23fa2471ee8bd44f6ab73554ee9a", size = 4741972, upload-time = "2026-08-19T05:01:38.18Z" },
    { url = "https://files.pythonhosted.org/packages/c3/47/efb53c4d7b655831c03317a450d9da439b0829c61f34d9d4fe7c863445d6/lxml-6.1.2-cp314-cp314-musllinux_1_2_ppc64le.whl", hash = "sha256:1edca8f4a92b94e873093df959f141d388f2141fcad0c47598442fb4730ef57a", size = 5683241, upload-time = "2026-08-19T05:02:00.731Z" },
    { url = "https://files.pythonhosted.org/packages/da/0a/0ff36a584cbba14a71326ee8a5300694400f0b97927d1f90a87d95b17d4a/lxml-6.1.2-cp314-cp314-musllinux_1_2_riscv64.whl", hash = "sha256:8512b3775d68994dd1d6d533161e0a214f2ad9c634659d34a99c98e86c6c3d68", size = 5245892, upload-time = "2026-08-19T05:02:06.108Z" },
    { url = "https://files.pythonhosted.org/packages/8f/9e/303717a1aa56d4bd775c91936717d3c9e8d999a8e8b68b00979c4c1f93d0/lxml-6.1.2-cp314-cp314-musllinux_1_2_x86_64.whl", hash = "sha256:a5005c0c9e4d749a76a2ff8bd5918a8bb248df8e08e73a55654b9f79c9cd1e2b", size = 5269528, upload-time = "2026-08-19T05:02:09.883Z" },
    { url = "https://files.pythonhosted.org/packages/ad/c2/2ae7cb97089eb86bf0689516db3cf280a007b6145853d2a0235a1f01683d/lxml-6.1.2-cp314-cp314-win32.whl", hash = "sha256:e17e2c30e27f56da5551e7a425888b45f013e940b99ab07d125a1c33f77a4605", size = 3662743, upload-time = "2026-08-19T05:03:02.513Z" },
    { url = "https://files.pythonhosted.org/packages/77/13/a3d483230a09201e211ceb1aa208b1374d27d23b8b180d74dba14b30f6b3/lxml-6.1.2-cp314-cp314-win_amd64.whl", hash = "sha256:87e9673cd8a3445024fe38e7f91b55fa3428437eec9b7a7ff7d81979520c0d2d", size = 4073942, upload-time = "2026-08-19T05:03:04.864Z" },
    { url = "https://files.pythonhosted.org/packages/1c/f1/c1445d4b6ad7c51e39d4e2ebbf015a4880f5b297a4ab0e77e4d0e5b70110/lxml-6.1.2-cp314-cp314-win_arm64.whl", hash = "sha256:878e7c8ada8f92c52f13f35a2ab98ef0adf7fd0211d164fc2af589e4c3cfed63", size = 3749235, upload-time = "2026-08-19T05:03:07.239Z" },
    { url = "https://files.pythonhosted.org/packages/9d/eb/598c76f4ce19a67c635e86a46d880cc854f308f39a6f1fdf13bbb01813ec/lxml-6.1.2-cp314-cp314t-macosx_10_15_universal2.whl", hash = "sha256:94162456ed0a64fb1c06915df5bd06af4675ae3966d6048fcb73b0906e0e0222", size = 8860315, upload-time = "2026-08-19T05:02:14.39Z" },
    { url = "https://files.pythonhosted.org/packages/da/c7/1f9fac7b566a86ad0da13dcc0259164266469c0ad86744c740ccd5c2a081/lxml-6.1.2-cp314-cp314t-macosx_10_15_x86_64.whl", hash = "sha256:4b0fa7109b1d0bc1747d8241a0853e135eefb1c978685241b544c46937383efd", size = 4755176, upload-time = "2026-08-19T05:02:18.705Z" },
    { url = "https://files.pythonhosted.org/packages/3e/1b/cfda9307388d496e7eeb7493d9455896b8137ed95f51f3d6ae6ddcc14a47/lxml-6.1.2-cp314-cp314t-manylinux2014_aarch64.manylinux_2_17_aarch64.whl", hash = "sha256:604f4778632588d7c000e7e19430639dc12fca58b5b6e99edffba7631725ef0e", size = 4979444, upload-time = "2026-08-19T05:02:21.262Z" },
    { url = "https://files.pythonhosted.org/packages/e5/71/f732c8919c45b7f29acf443288c6e90036877a67bfeeb1acceb0fffa011b/lxml-6.1.2-cp314-cp314t-manylinux2014_x86_64.manylinux_2_17_x86_64.whl", hash = "sha256:5a096d6a5f96b776a5b020cb45c17c545effd2a3b6639e6fa97bc95537600923", size = 5115887, upload-time = "2026-08-19T05:02:23.62Z" },
    { url = "https://files.pythonhosted.org/packages/30/00/121d52b944f41e33ea86c62875f902d24982842dc7231ab154ac5a6c6593/lxml-6.1.2-cp314-cp314t-manylinux_2_26_aarch64.manylinux_2_28_aarch64.whl", hash = "sha256:6454d184d556eaf4cb3d6f69e405d21602d6fdcf08b8d57796824275986c6595", size = 5032418, upload-time = "2026-08-19T05:02:26.114Z" },
    { url = "https://files.pythonhosted.org/packages/70/19/cadb73c7fe48c7563dc8ab62ea53d5b920c8911bfb808507a6daa82e78d2/lxml-6.1.2-cp314-cp314t-manylinux_2_26_ppc64le.manylinux_2_28_ppc64le.whl", hash = "sha256:8b68f2548259bb04e0b3d5df0c397abe8b0080f5e1ffe4019fb7a8bf01a9339e", size = 5603304, upload-time = "2026-08-19T05:02:28.694Z" },
    { url = "https://files.pythonhosted.org/packages/13/32/9de126a14d5a5db8c371c5ec869178417db226707b62a47273a95ae6df7f/lxml-6.1.2-cp314-cp314t-manylinux_2_26_x86_64.manylinux_2_28_x86_64.whl", hash = "sha256:6c9cc4b6532abe154dbdebb42aaba8d52c852919591e45067f5b7d46a0405e88", size = 5228938, upload-time = "2026-08-19T05:02:30.99Z" },
    { url = "https://files.pythonhosted.org/packages/ff/9b/22dd9e843629ed04652591fb220eb2bf2394d97be3be377d60d8083405d7/lxml-6.1.2-cp314-cp314t-manylinux_2_28_i686.whl", hash = "sha256:57188e441ab24f906bd5a5c14eb55363ab51aa6c0de549f3dd320043721cc118", size = 5317790, upload-time = "2026-08-19T05:02:33.301Z" },
    { url = "https://files.pythonhosted.org/packages/2c/2c/b12a1dc121f81c280635c721c7bcaa341441fcbe37397f60b8915048aece/lxml-6.1.2-cp314-cp314t-manylinux_2_31_armv7l.whl", hash = "sha256:d0bfd719c254bbe60ea022cff0e6ffb799a6fa7d4d72852cebe0257957b32d68", size = 4646468, upload-time = "2026-08-19T05:02:35.504Z" },
    { url = "https://files.pythonhosted.org/packages/57/41/fd87a41edc531e7969c25ab1d6b52b5b041eb108b88f6394d6afb4374396/lxml-6.1.2-cp314-cp314t-manylinux_2_38_riscv64.manylinux_2_39_riscv64.whl", hash = "sha256:be6f87cd224254a8f81324e34cc655508b83f1d70458a1a39857ad2aa9925852", size = 5240607, upload-time = "2026-08-19T05:02:37.805Z" },
    { url = "https://files.pythonhosted.org/packages/6e/30/713ba813b6e6673c6dc34733746516017efcd17949b767b154cc50bccf20/lxml-6.1.2-cp314-cp314t-musllinux_1_2_aarch64.whl", hash = "sha256:074a88f70a7360a4a0c5be5d898062cd26f898c25b459efb1bdd43ae700c5a1a", size = 5086495, upload-time = "2026-08-19T05:02:40.099Z" },
    { url = "https://files.pythonhosted.org/packages/33/f8/6532ce0fecd9c326d06b08274ee075cc28dbc9f5e9285355db8504689114/lxml-6.1.2-cp314-cp314t-musllinux_1_2_armv7l.whl", hash = "sha256:9031f5f01452681abf39fdd65f84a70cb01a7572a1bbf570042e826b1232d07b", size = 4758801, upload-time = "2026-08-19T05:02:45.434Z" },
    { url = "https://files.pythonhosted.org/packages/74/b6/5a1f7833ebaa0dd33c28f6f9755ec6ff3891bf63f097634b44e6da1bb65e/lxml-6.1.2-cp314-cp314t-musllinux_1_2_ppc64le.whl", hash = "sha256:cfeac14425fc7a6fca7864b774d4ee63547926158f4a18c67d77b2c9a948acf1", size = 5626977, upload-time = "2026-08-19T05:02:48.092Z" },
    { url = "https://files.pythonhosted.org/packages/e6/20/6ae0fc1b45e20877cdcfb1168ceeaf9abb0fba5ed36bd639a260e7b2101e/lxml-6.1.2-cp314-cp314t-musllinux_1_2_riscv64.whl", hash = "sha256:8ec111ff8067325f85c08aa9c2b26179ec0537bb89c003fde31127139f85f82d", size = 5235036, upload-time = "2026-08-19T05:02:50.726Z" },
    { url = "https://files.pythonhosted.org/packages/47/b4/2bc7b37fbb990ccfb7d30393660741592177224a94e07d842c8da70638e8/lxml-6.1.2-cp314-cp314t-musllinux_1_2_x86_64.whl", hash = "sha256:48e912f37c99a297175ba955f55a47c0e1c834b506ef162e52a6e4fe276e6e45", size = 5252270, upload-time = "2026-08-19T05:02:53.454Z" },
    { url = "https://files.pythonhosted.org/packages/4d/0b/07fb8e1dee29a78e2c5fa5c6c914218be76a6406baff27907429566e90ec/lxml-6.1.2-cp314-cp314t-win32.whl", hash = "sha256:7c444c3a6e8e75334879980eed96568f0e12064c8b1913424eac1805e976736b", size = 3902666, upload-time = "2026-08-19T05:02:55.607Z" },
    { url = "https://files.pythonhosted.org/packages/58/ab/3371527bd9820aae6f511697c93032ed197b0d8dab0f17818f18d3099637/lxml-6.1.2-cp314-cp314t-win_amd64.whl", hash = "sha256:7f35ba7667004ecdafebbe08da7c9fa06ee6195275bb7ef7a29ee1901e69519c", size = 4401011, upload-time = "2026-08-19T05:02:57.899Z" },
    { url = "https://files.pythonhosted.org/packages/e6/bb/e6de9b2546a4e6df4fb52fb18921906a8b7a041aba06570995759a4d6d8b/lxml-6.1.2-cp314-cp314t-win_arm64.whl", hash = "sha256:d117f39b28ab8a330a74abdbe61c2255b51973b238db25fd6c2448de1eb2a02d", size = 3823384, upload-time = "2026-08-19T05:03:00.371Z" },
    { url = "https://files.pythonhosted.org/packages/0e/83/7ff98683e14a148191278728d11ba782c3d5137886d49fd95ab4036efa1b/lxml-6.1.2-cp315-cp315-macosx_10_15_universal2.whl", hash = "sha256:1e3c67b817867c484794d7fe0d73045d7d0c67460c78a0a1249a9e92266e6a0e", size = 8609183, upload-time = "2026-08-19T04:58:32.19Z" },
    { url = "https://files.pythonhosted.org/packages/24/39/c39f05e8240e98009dd3d4ceb248319d0f36467babc5f90a909ed0c5b68a/lxml-6.1.2-cp315-cp315-macosx_10_15_x86_64.whl", hash = "sha256:d3e97ac4353cca3fbbfa829bc0c6a913771573d1c6d46932d4335c46f2b7796a", size = 4639898, upload-time = "2026-08-19T04:58:39.017Z" },
    { url = "https://files.pythonhosted.org/packages/c5/bf/25e26b089510940a0777ab334357874569255e50930224c8159cd649e754/lxml-6.1.2-cp315-cp315-manylinux_2_26_aarch64.manylinux_2_28_aarch64.whl", hash = "sha256:827438bf6c8292d22a409bb7990d7cffce410f33e7664e46ca74d2ecc26975ef", size = 5037527, upload-time = "2026-08-19T04:58:46.224Z" },
    { url = "https://files.pythonhosted.org/packages/65/6d/aed3a58a3d662f7367a537fabe8c549f1446dbd043719e0ae8cd53f47819/lxml-6.1.2-cp315-cp315-manylinux_2_26_ppc64le.manylinux_2_28_ppc64le.whl", hash = "sha256:c470d192e27f97842a068cf12a1c1296b20ca716c56a9249715c6654bc192d19", size = 5661918, upload-time = "2026-08-19T04:59:02.534Z" },
    { url = "https://files.pythonhosted.org/packages/a5/ca/706d32b6957c0c2e005a9833e8fc528449196b38d5cfcf9e0fd86a96fb00/lxml-6.1.2-cp315-cp315-manylinux_2_26_x86_64.manylinux_2_28_x86_64.whl", hash = "sha256:ef0b8ba6e13597f681b2b4924ca9c4e8c88420bf0e21d9a9006c757f2fc39d1f", size = 5249359, upload-time = "2026-08-19T05:04:01.956Z" },
    { url = "https://files.pythonhosted.org/packages/ac/e9/445ff43f56fcffa06f6f3a7189920c216f3eacef68ef834d4111cdbd86ba/lxml-6.1.2-cp315-cp315-manylinux_2_31_armv7l.whl", hash = "sha256:65c32ddc5d0750129c7b119fb57d48192b76d334c21e6b690d19dfb06b34af79", size = 4704548, upload-time = "2026-08-19T05:04:04.57Z" },
    { url = "https://files.pythonhosted.org/packages/69/78/20b8b7e79a1b1d9cd4465c332d62962858562b446692f16a27068fa54b85/lxml-6.1.2-cp315-cp315-manylinux_2_38_riscv64.manylinux_2_39_riscv64.whl", hash = "sha256:0aa07065497f191ad26c4b587ce5dbb5a7105285a3789aafd0661750e8bac537", size = 5261170, upload-time = "2026-08-19T05:04:07.336Z" },
    { url = "https://files.pythonhosted.org/packages/54/ca/84a0e1148bf511e12e0d99732a4e136a3bf1b91622f0a1b197796e2ff984/lxml-6.1.2-cp315-cp315-musllinux_1_2_aarch64.whl", hash = "sha256:cde6b8db7d2e5135129eb5e74b7b44dd2053aa767cd5023541fccedddc262453", size = 5090576, upload-time = "2026-08-19T05:04:09.968Z" },
    { url = "https://files.pythonhosted.org/packages/6f/f8/1ef6fc7070bed8753315f2e4ea66bc0d37620e1444d014db7f0267b8faaf/lxml-6.1.2-cp315-cp315-musllinux_1_2_armv7l.whl", hash = "sha256:b28842b30c4bc2e6afe137d98a5d2071a62589471e76d053bea55b0e53298af9", size = 4744614, upload-time = "2026-08-19T05:04:12.717Z" },
    { url = "https://files.pythonhosted.org/packages/87/f6/3a4824cd1c1b81d996d2d75bbd176ba13fbe9b5d89489290d93ff9558486/lxml-6.1.2-cp315-cp315-musllinux_1_2_ppc64le.whl", hash = "sha256:11f529062255209a421ae4de5b1bb36b2f0a2e1a700745e675a4bf4084d13c00", size = 5685792, upload-time = "2026-08-19T05:04:15.367Z" },
    { url = "https://files.pythonhosted.org/packages/64/9a/f133bf16a67149e00ca5d8a8f1ae662c30a86c303aa242693b67f8e19856/lxml-6.1.2-cp315-cp315-musllinux_1_2_riscv64.whl", hash = "sha256:f8b89b3be75a37509602b03f9cfa1a28298d4eed4625748148307aeb907901b7", size = 5248972, upload-time = "2026-08-19T05:04:18.491Z" },
    { url = "https://files.pythonhosted.org/packages/50/63/273e7e8a73a5d183d8552dfdaa131dfda0292ddab7bcddc5a66a0ae525d8/lxml-6.1.2-cp315-cp315-musllinux_1_2_x86_64.whl", hash = "sha256:1a2331da06dd55a8184985306eb2afd72d708283ce7e85d67bba77317b785060", size = 5271809, upload-time = "2026-08-19T05:04:21.448Z" },
    { url = "https://files.pythonhosted.org/packages/49/eb/614117c36a28909e79ff7cdec87008f0bd996478f35cf72309189cf398b1/lxml-6.1.2-cp315-cp315-win32.whl", hash = "sha256:442766b326d9892585a64e8c6c4b5ab81d0e6c0538c9f0fc11a84dc101a5d97f", size = 3662854, upload-time = "2026-08-19T05:05:07.141Z" },
    { url = "https://files.pythonhosted.org/packages/5c/e9/06aee6107cf8e7b870f10f82539f366cba10dc6053144cca80e838caf8c8/lxml-6.1.2-cp315-cp315-win_amd64.whl", hash = "sha256:a7fd1dd6faa3df9dcd8f1765237362cd885ca62cdf77a7c5f5ea383ae5b6048b", size = 4074590, upload-time = "2026-08-19T05:05:09.697Z" },
    { url = "https://files.pythonhosted.org/packages/84/bf/dad9b6baf9b26d79584834e15cef2a5dd0a13c7b1df08831e8f18244b494/lxml-6.1.2-cp315-cp315-win_arm64.whl", hash = "sha256:054175250531a5fb102d485743ff16412279c93add12385b3b1c3d7b16d8deaa", size = 3749336, upload-time = "2026-08-19T05:05:12.334Z" },
    { url = "https://files.pythonhosted.org/packages/5f/9d/cd0c43d45e2eb52df7735c6558f24054ca633499191899b0cb9040fbbc3c/lxml-6.1.2-cp315-cp315t-macosx_10_15_universal2.whl", hash = "sha256:84a2a46b93b789d8acb44cfcb3d967ce9dbe29884ddb93fbb1a33f0e0c8fcd86", size = 8857688, upload-time = "2026-08-19T05:04:24.648Z" },
    { url = "https://files.pythonhosted.org/packages/0b/26/27093dc1a9edbdd8a54652f237a387f7e63ec0192efe708bc2576d8a1383/lxml-6.1.2-cp315-cp315t-macosx_10_15_x86_64.whl", hash = "sha256:4aced3284e0353c798b060fe2c175eb81410e99b9a7e2ae6951be5333732b111", size = 4754422, upload-time = "2026-08-19T05:04:27.645Z" },
    { url = "https://files.pythonhosted.org/packages/2c/ee/502f7c93507f57eb496744a64da8f4ca86855cf88e48d14584342f1bfd92/lxml-6.1.2-cp315-cp315t-manylinux_2_26_aarch64.manylinux_2_28_aarch64.whl", hash = "sha256:47c92dc5167de16e27ace8332454f12ba172dcab04f7a78a9eae14e2e41b6a41", size = 5033396, upload-time = "2026-08-19T05:04:30.054Z" },
    { url = "https://files.pythonhosted.org/packages/bf/72/c4cbbe72f951650f2afe43a70e51687e111d82b9bec46e3310ea76419d46/lxml-6.1.2-cp315-cp315t-manylinux_2_26_ppc64le.manylinux_2_28_ppc64le.whl", hash = "sha256:40366c23a938008a3bedfcfd80709b3a857c188b4d710b083e978ef5d2c1c715", size = 5615298, upload-time = "2026-08-19T05:04:32.752Z" },
    { url = "https://files.pythonhosted.org/packages/14/83/a3df966d6d7b6513e9dfb6fbfb041c0619642170359c1b36ab20a83e59eb/lxml-6.1.2-cp315-cp315t-manylinux_2_26_x86_64.manylinux_2_28_x86_64.whl", hash = "sha256:1c4c6dc1b2485aaa4adfb6ed754f90dddcb2b96a66bbebc9e1ac242b5ce5e818", size = 5236282, upload-time = "2026-08-19T05:04:35.762Z" },
    { url = "https://files.pythonhosted.org/packages/4f/85/8692ec8173c9f8d295735b9bf410d202317e7b3ed11141e80a30f421f409/lxml-6.1.2-cp315-cp315t-manylinux_2_31_armv7l.whl", hash = "sha256:3a698fad6f122a9b3e2dc2fb598c1de7329c74a67c7a334c9109a440de2508e5", size = 4650647, upload-time = "2026-08-19T05:04:38.396Z" },
    { url = "https://files.pythonhosted.org/packages/11/e7/dbe3cece28a5bf82997a091d9dbb0fc49e725a5fa86550897ee2cf6412e6/lxml-6.1.2-cp315-cp315t-manylinux_2_38_riscv64.manylinux_2_39_riscv64.whl", hash = "sha256:14879fa5eb2b793c040bbfcb62011aa3015c65d6c9875e063ea98ce2029d51fb", size = 5243387, upload-time = "2026-08-19T05:04:41.247Z" },
    { url = "https://files.pythonhosted.org/packages/99/a9/81a2d27640db0d27200b2f32339a54e74c36d58feb5ad528b87d52a59ecc/lxml-6.1.2-cp315-cp315t-musllinux_1_2_aarch64.whl", hash = "sha256:b631174cd2e4d9f8a94ef17f911c6ded10ede93b5e7860dee7bbf85961d321e9", size = 5092624, upload-time = "2026-08-19T05:04:43.919Z" },
    { url = "https://files.pythonhosted.org/packages/cb/f4/0b0304c70c087f618d95b0306738b070bd556afd09c2c92589b78dbe5eb0/lxml-6.1.2-cp315-cp315t-musllinux_1_2_armv7l.whl", hash = "sha256:ceafa5e0536c62a5cd9f65327fa0b57d6f0b0e3435daf2c98a78d0dde7ecbae1", size = 4758742, upload-time = "2026-08-19T05:04:46.615Z" },
    { url = "https://files.pythonhosted.org/packages/a2/ec/f9fc45f1d01b632b673e11880e75292dff9953db9f426d1a38201b8eb5f5/lxml-6.1.2-cp315-cp315t-musllinux_1_2_ppc64le.whl", hash = "sha256:7c482e87cc86bed78a50462560675bc2c348ef72c47596f9b933346d5a8e920e", size = 5649540, upload-time = "2026-08-19T05:04:49.777Z" },
    { url = "https://files.pythonhosted.org/packages/6a/0b/d65e0458c2bcce0df68d5cc29ad0006e76446f02d9e50caf188fd1fb8bae/lxml-6.1.2-cp315-cp315t-musllinux_1_2_riscv64.whl", hash = "sha256:b1c0d2dde8a50520efc51644587f0fc4810e3af7d3e029d7af0be93bf39e2b5c", size = 5234869, upload-time = "2026-08-19T05:04:52.972Z" },
    { url = "https://files.pythonhosted.org/packages/ee/62/1fee828238badd3bfe9544f5cc9ce6ded421ef38e9634030445dedd78b36/lxml-6.1.2-cp315-cp315t-musllinux_1_2_x86_64.whl", hash = "sha256:dd7ea3fa47154b9fff90591b961e41b3718bd7fcd5bc2d9bb47e9845c8ace088", size = 5259992, upload-time = "2026-08-19T05:04:56.028Z" },
    { url = "https://files.pythonhosted.org/packages/20/18/35fb14dd6baccbffa6daeb2369802f04a94e3f73db3c7bb405dbab009729/lxml-6.1.2-cp315-cp315t-win32.whl", hash = "sha256:87534cec6ea325435e4adf2326b0cf3110eee9a47abf73652eb155db639c08c6", size = 3901151, upload-time = "2026-08-19T05:04:58.671Z" },
    { url = "https://files.pythonhosted.org/packages/f0/b6/07530896ca062bc3d2f09d5cb8a48e799c05b12c496205db03159ba13b6c/lxml-6.1.2-cp315-cp315t-win_amd64.whl", hash = "sha256:4e220a9c297e5d36895d489a08c9a3f1f6193b6414e702c5fb751e4a3767f8d0", size = 4395355, upload-time = "2026-08-19T05:05:01.651Z" },
    { url = "https://files.pythonhosted.org/packages/31/a8/237d8de1d77085cfd41d0c6049a044d8d01886f3afb7f1eda2f43d900a96/lxml-6.1.2-cp315-cp315t-win_arm64.whl", hash = "sha256:f16a407766bac51c65d605b06d900821751a79aa20e12185f273f14a17180e7b", size = 3822823, upload-time = "2026-08-19T05:05:04.63Z" },
]

[[package]]
name = "pydantic"
version = "2.13.4"
source = { registry = "https://pypi.org/simple" }
dependencies = [
    { name = "annotated-types" },
    { name = "pydantic-core" },
    { name = "typing-extensions" },
    { name = "typing-inspection" },
]
sdist = { url = "https://files.pythonhosted.org/packages/18/a5/b60d21ac674192f8ab0ba4e9fd860690f9b4a6e51ca5df118733b487d8d6/pydantic-2.13.4.tar.gz", hash = "sha256:c40756b57adaa8b1efeeced5c196f3f3b7c435f90e84ea7f443901bec8099ef6", size = 844775, upload-time = "2026-05-06T13:43:05.343Z" }
wheels = [
    { url = "https://files.pythonhosted.org/packages/fd/7b/122376b1fd3c62c1ed9dc80c931ace4844b3c55407b6fb2d199377c9736f/pydantic-2.13.4-py3-none-any.whl", hash = "sha256:45a282cde31d808236fd7ea9d919b128653c8b38b393d1c4ab335c62924d9aba", size = 472262, upload-time = "2026-05-06T13:43:02.641Z" },
]

[[package]]
name = "pydantic-core"
version = "2.46.4"
source = { registry = "https://pypi.org/simple" }
dependencies = [
    { name = "typing-extensions" },
]
sdist = { url = "https://files.pythonhosted.org/packages/9d/56/921726b776ace8d8f5db44c4ef961006580d91dc52b803c489fafd1aa249/pydantic_core-2.46.4.tar.gz", hash = "sha256:62f875393d7f270851f20523dd2e29f082bcc82292d66db2b64ea71f64b6e1c1", size = 471464, upload-time = "2026-05-06T13:37:06.98Z" }
wheels = [
    { url = "https://files.pythonhosted.org/packages/8d/74/228a26ddad29c6672b805d9fd78e8d251cd04004fa7eed0e622096cd0250/pydantic_core-2.46.4-cp314-cp314-macosx_10_12_x86_64.whl", hash = "sha256:428e04521a40150c85216fc8b85e8d39fece235a9cf5e383761238c7fa9b96fb", size = 2102079, upload-time = "2026-05-06T13:38:41.019Z" },
    { url = "https://files.pythonhosted.org/packages/ad/1f/8970b150a4b4365623ae00fc88603491f763c627311ae8031e3111356d6e/pydantic_core-2.46.4-cp314-cp314-macosx_11_0_arm64.whl", hash = "sha256:23ace664830ee0bfe014a0c7bc248b1f7f25ed7ad103852c317624a1083af462", size = 1952179, upload-time = "2026-05-06T13:36:59.812Z" },
    { url = "https://files.pythonhosted.org/packages/95/30/5211a831ae054928054b2f79731661087a2bc5c01e825c672b3a4a8f1b3e/pydantic_core-2.46.4-cp314-cp314-manylinux_2_17_aarch64.manylinux2014_aarch64.whl", hash = "sha256:ce5c1d2a8b27468f433ca974829c44060b8097eedc39933e3c206a90ee49c4a9", size = 1978926, upload-time = "2026-05-06T13:37:39.933Z" },
    { url = "https://files.pythonhosted.org/packages/57/e9/689668733b1eb67adeef047db3c2e8788fcf65a7fd9c9e2b46b7744fe245/pydantic_core-2.46.4-cp314-cp314-manylinux_2_17_armv7l.manylinux2014_armv7l.whl", hash = "sha256:7283d57845ecf5a163403eb0702dfc220cc4fbdd18919cb5ccea4f95ee1cdab4", size = 2046785, upload-time = "2026-05-06T13:38:01.995Z" },
    { url = "https://files.pythonhosted.org/packages/60/d9/6715260422ff50a2109878fd24d948a6c3446bb2664f34ee78cd972b3acd/pydantic_core-2.46.4-cp314-cp314-manylinux_2_17_ppc64le.manylinux2014_ppc64le.whl", hash = "sha256:8daafc69c93ee8a0204506a3b6b30f586ef54028f52aeeeb5c4cfc5184fd5914", size = 2228733, upload-time = "2026-05-06T13:40:50.371Z" },
    { url = "https://files.pythonhosted.org/packages/18/ae/fdb2f64316afca925640f8e70bb1a564b0ec2721c1389e25b8eb4bf9a299/pydantic_core-2.46.4-cp314-cp314-manylinux_2_17_s390x.manylinux2014_s390x.whl", hash = "sha256:cd2213145bcc2ba85884d0ac63d222fece9209678f77b9b4d76f054c561adb28", size = 2307534, upload-time = "2026-05-06T13:37:21.531Z" },
    { url = "https://files.pythonhosted.org/packages/89/1d/8eff589b45bb8190a9d12c49cfad0f176a5cbd1534908a6b5125e2886239/pydantic_core-2.46.4-cp314-cp314-manylinux_2_17_x86_64.manylinux2014_x86_64.whl", hash = "sha256:7a5f930472650a82629163023e630d160863fce524c616f4e5186e5de9d9a49b", size = 2099732, upload-time = "2026-05-06T13:39:31.942Z" },
    { url = "https://files.pythonhosted.org/packages/06/d5/ee5a3366637fee41dee51a1fc91562dcf12ddbc68fda34e6b253da2324bb/pydantic_core-2.46.4-cp314-cp314-manylinux_2_31_riscv64.whl", hash = "sha256:c1b3f518abeca3aa13c712fd202306e145abf59a18b094a6bafb2d2bbf59192c", size = 2129627, upload-time = "2026-05-06T13:37:25.033Z" },
    { url = "https://files.pythonhosted.org/packages/94/33/2414be571d2c6a6c4d08be21f9292b6d3fdb08949a97b6dfe985017821db/pydantic_core-2.46.4-cp314-cp314-manylinux_2_5_i686.manylinux1_i686.whl", hash = "sha256:1a7dd0b3ee80d90150e3495a3a13ac34dbcbfd4f012996a6a1d8900e91b5c0fb", size = 2179141, upload-time = "2026-05-06T13:37:14.046Z" },
    { url = "https://files.pythonhosted.org/packages/7b/79/7daa95be995be0eecc4cf75064cb33f9bbbfe3fe0158caf2f0d4a996a5c7/pydantic_core-2.46.4-cp314-cp314-musllinux_1_1_aarch64.whl", hash = "sha256:3fb702cd90b0446a3a1c5e470bfa0dd23c0233b676a9099ddcc964fa6ca13898", size = 2184325, upload-time = "2026-05-06T13:36:53.615Z" },
    { url = "https://files.pythonhosted.org/packages/9f/cb/d0a382f5c0de8a222dc61c65348e0ce831b1f68e0a018450d31c2cace3a5/pydantic_core-2.46.4-cp314-cp314-musllinux_1_1_armv7l.whl", hash = "sha256:b8458003118a712e66286df6a707db01c52c0f52f7db8e4a38f0da1d3b94fc4e", size = 2323990, upload-time = "2026-05-06T13:40:29.971Z" },
    { url = "https://files.pythonhosted.org/packages/05/db/d9ba624cc4a5aced1598e88c04fdbd8310c8a69b9d38b9a3d39ce3a61ed7/pydantic_core-2.46.4-cp314-cp314-musllinux_1_1_x86_64.whl", hash = "sha256:372429a130e469c9cd698925ce5fc50940b7a1336b0d82038e63d5bbc4edc519", size = 2369978, upload-time = "2026-05-06T13:37:23.027Z" },
    { url = "https://files.pythonhosted.org/packages/f2/20/d15df15ba918c423461905802bfd2981c3af0bfa0e40d05e13edbfa48bc3/pydantic_core-2.46.4-cp314-cp314-win32.whl", hash = "sha256:85bb3611ff1802f3ee7fdd7dbff26b56f343fb432d57a4728fdd49b6ef35e2f4", size = 1966354, upload-time = "2026-05-06T13:38:03.499Z" },
    { url = "https://files.pythonhosted.org/packages/fc/b6/6b8de4c0a7d7ab3004c439c80c5c1e0a3e8d78bbae19379b01960383d9e5/pydantic_core-2.46.4-cp314-cp314-win_amd64.whl", hash = "sha256:811ff8e9c313ab425368bcbb36e5c4ebd7108c2bbf4e4089cfbb0b01eff63fac", size = 2072238, upload-time = "2026-05-06T13:39:40.807Z" },
    { url = "https://files.pythonhosted.org/packages/32/36/51eb763beec1f4cf59b1db243a7dcc39cbb41230f050a09b9d69faaf0a48/pydantic_core-2.46.4-cp314-cp314-win_arm64.whl", hash = "sha256:bfec22eab3c8cc2ceec0248aec886624116dc079afa027ecc8ad4a7e62010f8a", size = 2018251, upload-time = "2026-05-06T13:37:26.72Z" },
    { url = "https://files.pythonhosted.org/packages/e8/91/855af51d625b23aa987116a19e231d2aaef9c4a415273ddc189b79a45fee/pydantic_core-2.46.4-cp314-cp314t-macosx_10_12_x86_64.whl", hash = "sha256:af8244b2bef6aaad6d92cda81372de7f8c8d36c9f0c3ea36e827c60e7d9467a0", size = 2099593, upload-time = "2026-05-06T13:39:47.682Z" },
    { url = "https://files.pythonhosted.org/packages/fb/1b/8784a54c65edb5f49f0a14d6977cf1b209bba85a4c77445b255c2de58ab3/pydantic_core-2.46.4-cp314-cp314t-macosx_11_0_arm64.whl", hash = "sha256:5a4330cdbc57162e4b3aa303f588ba752257694c9c9be3e7ebb11b4aca659b5d", size = 1935226, upload-time = "2026-05-06T13:40:40.428Z" },
    { url = "https://files.pythonhosted.org/packages/e8/e7/1955d28d1afc56dd4b3ad7cc0cf39df1b9852964cf16e5d13912756d6d6b/pydantic_core-2.46.4-cp314-cp314t-manylinux_2_17_aarch64.manylinux2014_aarch64.whl", hash = "sha256:29c61fc04a3d840155ff08e475a04809278972fe6aef51e2720554e96367e34b", size = 1974605, upload-time = "2026-05-06T13:37:32.029Z" },
    { url = "https://files.pythonhosted.org/packages/93/e2/3fedbf0ba7a22850e6e9fd78117f1c0f10f950182344d8a6c535d468fdd8/pydantic_core-2.46.4-cp314-cp314t-manylinux_2_17_armv7l.manylinux2014_armv7l.whl", hash = "sha256:c50f2528cf200c5eed56faf3f4e22fcd5f38c157a8b78576e6ba3168ec35f000", size = 2030777, upload-time = "2026-05-06T13:38:55.239Z" },
    { url = "https://files.pythonhosted.org/packages/f8/61/46be275fcaaba0b4f5b9669dd852267ce1ff616592dccf7a7845588df091/pydantic_core-2.46.4-cp314-cp314t-manylinux_2_17_ppc64le.manylinux2014_ppc64le.whl", hash = "sha256:0cbe8b01f948de4286c74cdd6c667aceb38f5c1e26f0693b3983d9d74887c65e", size = 2236641, upload-time = "2026-05-06T13:37:08.096Z" },
    { url = "https://files.pythonhosted.org/packages/60/db/12e93e46a8bac9988be3c016860f83293daea8c716c029c9ace279036f2f/pydantic_core-2.46.4-cp314-cp314t-manylinux_2_17_s390x.manylinux2014_s390x.whl", hash = "sha256:617d7e2ca7dcb8c5cf6bcb8c59b8832c94b36196bbf1cbd1bfb56ed341905edd", size = 2286404, upload-time = "2026-05-06T13:40:20.221Z" },
    { url = "https://files.pythonhosted.org/packages/e2/4a/4d8b19008f38d31c53b8219cfedc2e3d5de5fe99d90076b7e767de29274f/pydantic_core-2.46.4-cp314-cp314t-manylinux_2_17_x86_64.manylinux2014_x86_64.whl", hash = "sha256:7027560ee92211647d0d34e3f7cd6f50da56399d26a9c8ad0da286d3869a53f3", size = 2109219, upload-time = "2026-05-06T13:38:12.153Z" },
    { url = "https://files.pythonhosted.org/packages/88/70/3cbc40978fefb7bb09c6708d40d4ad1a5d70fd7213c3d17f971de868ec1f/pydantic_core-2.46.4-cp314-cp314t-manylinux_2_31_riscv64.whl", hash = "sha256:f99626688942fb746e545232e7726926f3be91b5975f8b55327665fafda991c7", size = 2110594, upload-time = "2026-05-06T13:40:02.971Z" },
    { url = "https://files.pythonhosted.org/packages/9d/20/b8d36736216e29491125531685b2f9e61aa5b4b2599893f8268551da3338/pydantic_core-2.46.4-cp314-cp314t-manylinux_2_5_i686.manylinux1_i686.whl", hash = "sha256:fc3e9034a63de20e15e8ade85358bc6efc614008cab72898b4b4952bea0509ff", size = 2159542, upload-time = "2026-05-06T13:39:27.506Z" },
    { url = "https://files.pythonhosted.org/packages/1d/a2/367df868eb584dacf6bf82a389272406d7178e301c4ac82545ab98bc2dd9/pydantic_core-2.46.4-cp314-cp314t-musllinux_1_1_aarch64.whl", hash = "sha256:97e7cf2be5c77b7d1a9713a05605d49460d02c6078d38d8bef3cbe323c548424", size = 2168146, upload-time = "2026-05-06T13:38:31.93Z" },
    { url = "https://files.pythonhosted.org/packages/c1/b8/4460f77f7e201893f649a29ab355dddd3beee8a97bcb1a320db414f9a06e/pydantic_core-2.46.4-cp314-cp314t-musllinux_1_1_armv7l.whl", hash = "sha256:3bf92c5d0e00fefaab325a4d27828fe6b6e2a21848686b5b60d2d9eeb09d76c6", size = 2306309, upload-time = "2026-05-06T13:37:44.717Z" },
    { url = "https://files.pythonhosted.org/packages/64/c4/be2639293acd87dc8ddbcec41a73cee9b2ebf996fe6d892a1a74e88ad3f7/pydantic_core-2.46.4-cp314-cp314t-musllinux_1_1_x86_64.whl", hash = "sha256:3ecbc122d18468d06ca279dc26a8c2e2d5acb10943bb35e36ae92096dc3b5565", size = 2369736, upload-time = "2026-05-06T13:37:05.645Z" },
    { url = "https://files.pythonhosted.org/packages/30/a6/9f9f380dbb301f67023bf8f707aaa75daadf84f7152d95c410fd7e81d994/pydantic_core-2.46.4-cp314-cp314t-win32.whl", hash = "sha256:e846ae7835bf0703ae43f534ab79a867146dadd59dc9ca5c8b53d5c8f7c9ef02", size = 1955575, upload-time = "2026-05-06T13:38:51.116Z" },
    { url = "https://files.pythonhosted.org/packages/40/1f/f1eb9eb350e795d1af8586289746f5c5677d16043040d63710e22abc43c9/pydantic_core-2.46.4-cp314-cp314t-win_amd64.whl", hash = "sha256:2108ba5c1c1eca18030634489dc544844144ee36357f2f9f780b93e7ddbb44b5", size = 2051624, upload-time = "2026-05-06T13:38:21.672Z" },
    { url = "https://files.pythonhosted.org/packages/f6/d2/42dd53d0a85c27606f316d3aa5d2869c4e8470a5ed6dec30e4a1abe19192/pydantic_core-2.46.4-cp314-cp314t-win_arm64.whl", hash = "sha256:4fcbe087dbc2068af7eda3aa87634eba216dbda64d1ae73c8684b621d33f6596", size = 2017325, upload-time = "2026-05-06T13:40:52.723Z" },
]

[[package]]
name = "pypdf"
version = "6.16.1"
source = { registry = "https://pypi.org/simple" }
sdist = { url = "https://files.pythonhosted.org/packages/b6/5a/df92d1c1ef8806ca28f20f978ee059894868d93de797a7e2edebe7fe1a43/pypdf-6.16.1.tar.gz", hash = "sha256:c4d1b43ddae921387321cf63936cd16a7743b91d2da92f165c149a195c972ba9", size = 7003737, upload-time = "2026-08-14T12:24:04.531Z" }
wheels = [
    { url = "https://files.pythonhosted.org/packages/33/a1/724b18d6757ab7253a8fecd3a430eb8d980ed26872ba16651e7b5ddfc63f/pypdf-6.16.1-py3-none-any.whl", hash = "sha256:63fec31c4092ae50b6729beedcb469055b60d20c834bde1c402df241f371f644", size = 382924, upload-time = "2026-08-14T12:24:02.854Z" },
]

[[package]]
name = "python-docx"
version = "1.2.0"
source = { registry = "https://pypi.org/simple" }
dependencies = [
    { name = "lxml" },
    { name = "typing-extensions" },
]
sdist = { url = "https://files.pythonhosted.org/packages/a9/f7/eddfe33871520adab45aaa1a71f0402a2252050c14c7e3009446c8f4701c/python_docx-1.2.0.tar.gz", hash = "sha256:7bc9d7b7d8a69c9c02ca09216118c86552704edc23bac179283f2e38f86220ce", size = 5723256, upload-time = "2025-06-16T20:46:27.921Z" }
wheels = [
    { url = "https://files.pythonhosted.org/packages/d0/00/1e03a4989fa5795da308cd774f05b704ace555a70f9bf9d3be057b680bcf/python_docx-1.2.0-py3-none-any.whl", hash = "sha256:3fd478f3250fbbbfd3b94fe1e985955737c145627498896a8a6bf81f4baf66c7", size = 252987, upload-time = "2025-06-16T20:46:22.506Z" },
]

[[package]]
name = "python-dotenv"
version = "1.2.3"
source = { registry = "https://pypi.org/simple" }
sdist = { url = "https://files.pythonhosted.org/packages/6a/53/ed9d74092561d4b01a2ef1349d52cdbc135e526c245f366b089cfca6de49/python_dotenv-1.2.3.tar.gz", hash = "sha256:a20a594dabeaa385725aa239d5244871c143ecb356add8a20fcf23773a6c3a35", size = 58945, upload-time = "2026-08-16T16:54:54.067Z" }
wheels = [
    { url = "https://files.pythonhosted.org/packages/0d/17/c5c6b53ddc18f297992099b3d9ec16c855c0ccc83263a21fe4d1c625ec6c/python_dotenv-1.2.3-py3-none-any.whl", hash = "sha256:904552145e8bfed22162c09dab1c2b9b54fefa7b23ba780f4f26ca0316b0f0d9", size = 22780, upload-time = "2026-08-16T16:54:52.473Z" },
]

[[package]]
name = "sniffio"
version = "1.3.1"
source = { registry = "https://pypi.org/simple" }
sdist = { url = "https://files.pythonhosted.org/packages/a2/87/a6771e1546d97e7e041b6ae58d80074f81b7d5121207425c964ddf5cfdbd/sniffio-1.3.1.tar.gz", hash = "sha256:f4324edc670a0f49750a81b895f35c3adb843cca46f0530f79fc1babb23789dc", size = 20372, upload-time = "2024-02-25T23:20:04.057Z" }
wheels = [
    { url = "https://files.pythonhosted.org/packages/e9/44/75a9c9421471a6c4805dbf2356f7c181a29c1879239abab1ea2cc8f38b40/sniffio-1.3.1-py3-none-any.whl", hash = "sha256:2f6da418d1f1e0fddd844478f41680e794e6051915791a034ff65e5f100525a2", size = 10235, upload-time = "2024-02-25T23:20:01.196Z" },
]

[[package]]
name = "starlette"
version = "1.6.0"
source = { registry = "https://pypi.org/simple" }
dependencies = [
    { name = "anyio" },
]
sdist = { url = "https://files.pythonhosted.org/packages/b5/b4/205b0d5241d934e8add0c38aa924c4f9fb7330834ff11e5444db964ec3f9/starlette-1.6.0.tar.gz", hash = "sha256:d4e3ac5e546444960c710297a3c9fc3f7ebae1b7e963f3d36173b49da535be9b", size = 2716969, upload-time = "2026-08-08T18:27:57.512Z" }
wheels = [
    { url = "https://files.pythonhosted.org/packages/c8/cb/6a6a47d5b464bd08695d254f3da6e7986cc70c9fa5d778eda57538edfe56/starlette-1.6.0-py3-none-any.whl", hash = "sha256:a86dd39d14bb45f85a3d18525215a9ef0cfd1f192ac793220e72598c90335f0c", size = 75969, upload-time = "2026-08-08T18:27:56.196Z" },
]

[[package]]
name = "typing-extensions"
version = "4.16.0"
source = { registry = "https://pypi.org/simple" }
sdist = { url = "https://files.pythonhosted.org/packages/f6/cc/6253133b5bb138fc3306cebfbda2c520f545d36b5be2c7255cc528bb45d6/typing_extensions-4.16.0.tar.gz", hash = "sha256:dc983d19a509c94dba722ee6abd33940f7c05a89e243c47e907eb4db6f1a43e5", size = 113555, upload-time = "2026-07-02T08:40:05.92Z" }
wheels = [
    { url = "https://files.pythonhosted.org/packages/49/d3/b8441a820a491ddfc024b0b0cf0393375b75ea13866d9c66727e54c2fc80/typing_extensions-4.16.0-py3-none-any.whl", hash = "sha256:481caa481374e813c1b176ada14e97f1f67a4539ce9cfeb3f350d78d6370c2e8", size = 45571, upload-time = "2026-07-02T08:40:04.659Z" },
]

[[package]]
name = "typing-inspection"
version = "0.4.4"
source = { registry = "https://pypi.org/simple" }
dependencies = [
    { name = "typing-extensions" },
]
sdist = { url = "https://files.pythonhosted.org/packages/a3/26/b09b8010994eccc3c09092e6b34058f36a460eea2d4c3e8b910c695975a0/typing_inspection-0.4.4.tar.gz", hash = "sha256:547274fa6b0a561ccf549cc9524b999a578e737d015d8709d021f9d0d13bea47", size = 76928, upload-time = "2026-08-12T12:37:25.997Z" }
wheels = [
    { url = "https://files.pythonhosted.org/packages/67/81/4add07e5172b7ac40d8ed5ff580409a7801a4fe26d529bdd915401dabfbe/typing_inspection-0.4.4-py3-none-any.whl", hash = "sha256:65b8397ba37ccbce054456aaccddfc91e6e3083c92824df348d96ca832f3f147", size = 14750, upload-time = "2026-08-12T12:37:24.648Z" },
]

[[package]]
name = "uvicorn"
version = "0.52.4"
source = { registry = "https://pypi.org/simple" }
dependencies = [
    { name = "click" },
    { name = "h11" },
]
sdist = { url = "https://files.pythonhosted.org/packages/f2/0f/3f86e61397dd33bf2ccf28188c40db6a740658aeebbbf6e7dbc101a1f487/uvicorn-0.52.4.tar.gz", hash = "sha256:73acfee47a0b133c5de13d219492d62d8a31e935f4fe6e41a232451a15379f86", size = 100627, upload-time = "2026-08-19T06:27:41.821Z" }
wheels = [
    { url = "https://files.pythonhosted.org/packages/f1/79/4a20b54ab0491485ccd8c077db2d39187c7f12b3e15485d38a7be37c81b4/uvicorn-0.52.4-py3-none-any.whl", hash = "sha256:f86e41a149d7d05a9969337e3946a9c171c06a5d42680896daaba624aeac8da1", size = 79871, upload-time = "2026-08-19T06:27:40.36Z" },
]
